{"format":"axiom-package-lock/v1","packages":{"theme":{"artifact":"packages/neutral-theme.axiom","artifactSha256":"5068319661f13c67bddfe8f16f0f3857e7977d1b984a32523664e097587c6a83","dependencies":[],"exportHashes":{"default":"1b4f88c7e9dac5e86b2feb0183e4b8cb1e8bbb441334ecf84efbb9a96bc1a392"},"kind":"theme","name":"example.neutral-theme","targets":["android","ios","web"],"version":"1.0.0"},"widgets":{"artifact":"packages/neutral-widgets.axiom","artifactSha256":"907bb53c81e16000af9f158e8e98e60bd9ad5b17eaeea8b9d55ed5d2b41616ea","dependencies":["theme"],"exportHashes":{"Card":"2858fe9b7c8ad2faacec5c6d1f2e4a19970af22067520e14f587c280d0ebc031"},"kind":"component-library","name":"example.neutral-widgets","targets":["android","ios","web"],"version":"1.0.0"}},"targets":["android","ios","web"]}